
Microsoft Visual Studio Solution File, Format Version 12.00
# Visual Studio 15
VisualStudioVersion = 15.0.28010.2036
MinimumVisualStudioVersion = 10.0.40219.1
Project("{FAE04EC0-301F-11D3-BF4B-00C04F79EFBC}") = "WindowsFormsApp5.2", "WindowsFormsApp5.2\WindowsFormsApp5.2.csproj", "{42B66C4F-A418-4B8A-82E1-9AD27E42053C}"
EndProject
Global
	GlobalSection(SolutionConfigurationPlatforms) = preSolution
		Debug|Any CPU = Debug|Any CPU
		Release|Any CPU = Release|Any CPU
	EndGlobalSection
	GlobalSection(ProjectConfigurationPlatforms) = postSolution
		{42B66C4F-A418-4B8A-82E1-9AD27E42053C}.Debug|Any CPU.ActiveCfg = Debug|Any CPU
		{42B66C4F-A418-4B8A-82E1-9AD27E42053C}.Debug|Any CPU.Build.0 = Debug|Any CPU
		{42B66C4F-A418-4B8A-82E1-9AD27E42053C}.Release|Any CPU.ActiveCfg = Release|Any CPU
		{42B66C4F-A418-4B8A-82E1-9AD27E42053C}.Release|Any CPU.Build.0 = Release|Any CPU
	EndGlobalSection
	GlobalSection(SolutionProperties) = preSolution
		HideSolutionNode = FALSE
	EndGlobalSection
	GlobalSection(ExtensibilityGlobals) = postSolution
		SolutionGuid = {A82B9E62-6C7F-4502-902C-62ABA986D1D7}
	EndGlobalSection
EndGlobal
